
Microsoft Visual Studio Solution File, Format Version 12.00
# Visual Studio Version 17
VisualStudioVersion = 17.14.36414.22
MinimumVisualStudioVersion = 10.0.40219.1
Project("{FAE04EC0-301F-11D3-BF4B-00C04F79EFBC}") = "P1_AP1_AngelGuerrero", "P1-AP1-AngelGuerrero\P1_AP1_AngelGuerrero.csproj", "{A15E54A9-9229-4F70-8D94-26AD497E6FBF}"
EndProject
Global
	GlobalSection(SolutionConfigurationPlatforms) = preSolution
		Debug|Any CPU = Debug|Any CPU
		Release|Any CPU = Release|Any CPU
	EndGlobalSection
	GlobalSection(ProjectConfigurationPlatforms) = postSolution
		{A15E54A9-9229-4F70-8D94-26AD497E6FBF}.Debug|Any CPU.ActiveCfg = Debug|Any CPU
		{A15E54A9-9229-4F70-8D94-26AD497E6FBF}.Debug|Any CPU.Build.0 = Debug|Any CPU
		{A15E54A9-9229-4F70-8D94-26AD497E6FBF}.Release|Any CPU.ActiveCfg = Release|Any CPU
		{A15E54A9-9229-4F70-8D94-26AD497E6FBF}.Release|Any CPU.Build.0 = Release|Any CPU
	EndGlobalSection
	GlobalSection(SolutionProperties) = preSolution
		HideSolutionNode = FALSE
	EndGlobalSection
	GlobalSection(ExtensibilityGlobals) = postSolution
		SolutionGuid = {3CCBA9EC-1FCA-49F0-AEFD-D282A756DA13}
	EndGlobalSection
EndGlobal
